{
  "name": "tracing",
  "version": "1.0.0",
  "lockfileVersion": 2,
  "requires": true,
  "packages": {
    "": {
      "name": "tracing",
      "version": "1.0.0",
      "license": "ISC",
      "dependencies": {
        "@opentelemetry/api": "^1.0.4",
        "@opentelemetry/exporter-zipkin": "^1.0.1",
        "@opentelemetry/instrumentation": "^0.27.0",
        "@opentelemetry/instrumentation-grpc": "^0.27.0",
        "@opentelemetry/resources": "^1.0.1",
        "@opentelemetry/sdk-trace-base": "^1.0.1",
        "@opentelemetry/sdk-trace-node": "^1.0.1",
        "@opentelemetry/semantic-conventions": "^1.0.1"
      }
    },
    "node_modules/@opentelemetry/api": {
      "version": "1.0.4",
      "resolved": "https://registry.npmjs.org/@opentelemetry/api/-/api-1.0.4.tgz",
      "integrity": "sha512-BuJuXRSJNQ3QoKA6GWWDyuLpOUck+9hAXNMCnrloc1aWVoy6Xq6t9PUV08aBZ4Lutqq2LEHM486bpZqoViScog==",
      "engines": {
        "node": ">=8.0.0"
      }
    },
    "node_modules/@opentelemetry/api-metrics": {
      "version": "0.27.0",
      "resolved": "https://registry.npmjs.org/@opentelemetry/api-metrics/-/api-metrics-0.27.0.tgz",
      "integrity": "sha512-tB79288bwjkdhPNpw4UdOEy3bacVwtol6Que7cAu8KEJ9ULjRfSiwpYEwJY/oER3xZ7zNFz0uiJ7N1jSiotpVA==",
      "engines": {
        "node": ">=8.0.0"
      }
    },
    "node_modules/@opentelemetry/context-async-hooks": {
      "version": "1.0.1",
      "resolved": "https://registry.npmjs.org/@opentelemetry/context-async-hooks/-/context-async-hooks-1.0.1.tgz",
      "integrity": "sha512-oGCPjDlZ03gXPAdLxw5iqaQJIpL8BZFaiZhAPgF7Vj6XYmrmrA/FXVIsjfNECQTa2D+lt5p8vf0xYIkFufgceQ==",
      "engines": {
        "node": ">=8.1.0"
      },
      "peerDependencies": {
        "@opentelemetry/api": ">=1.0.0 <1.1.0"
      }
    },
    "node_modules/@opentelemetry/core": {
      "version": "1.0.1",
      "resolved": "https://registry.npmjs.org/@opentelemetry/core/-/core-1.0.1.tgz",
      "integrity": "sha512-90nQ2X6b/8X+xjcLDBYKooAcOsIlwLRYm+1VsxcX5cHl6V4CSVmDpBreQSDH/A21SqROzapk6813008SatmPpQ==",
      "dependencies": {
        "@opentelemetry/semantic-conventions": "1.0.1"
      },
      "engines": {
        "node": ">=8.5.0"
      },
      "peerDependencies": {
        "@opentelemetry/api": ">=1.0.0 <1.1.0"
      }
    },
    "node_modules/@opentelemetry/exporter-zipkin": {
      "version": "1.0.1",
      "resolved": "https://registry.npmjs.org/@opentelemetry/exporter-zipkin/-/exporter-zipkin-1.0.1.tgz",
      "integrity": "sha512-2QeuQI5NufKiyBUc7C6BT/5XZasF4HLLpWpaBdQzZACBdIIWW7c79ZpEcvb33jOURZ1to3+cOLNwA2cMjBQXhg==",
      "dependencies": {
        "@opentelemetry/core": "1.0.1",
        "@opentelemetry/resources": "1.0.1",
        "@opentelemetry/sdk-trace-base": "1.0.1",
        "@opentelemetry/semantic-conventions": "1.0.1"
      },
      "engines": {
        "node": ">=8.0.0"
      },
      "peerDependencies": {
        "@opentelemetry/api": "^1.0.0"
      }
    },
    "node_modules/@opentelemetry/instrumentation": {
      "version": "0.27.0",
      "resolved": "https://registry.npmjs.org/@opentelemetry/instrumentation/-/instrumentation-0.27.0.tgz",
      "integrity": "sha512-dUwY/VoDptdK8AYigwS3IKblG+unV5xIdV4VQKy+nX5aT3f7vd5PMYs4arCQSYLbLRe0s7GxK6S9dtjai/TsHQ==",
      "dependencies": {
        "@opentelemetry/api-metrics": "0.27.0",
        "require-in-the-middle": "^5.0.3",
        "semver": "^7.3.2",
        "shimmer": "^1.2.1"
      },
      "peerDependencies": {
        "@opentelemetry/api": "^1.0.0"
      }
    },
    "node_modules/@opentelemetry/instrumentation-grpc": {
      "version": "0.27.0",
      "resolved": "https://registry.npmjs.org/@opentelemetry/instrumentation-grpc/-/instrumentation-grpc-0.27.0.tgz",
      "integrity": "sha512-aFHcAeeLfqoH8PMjmdqEwZwXDJtFSkWmGDBZeH2yrx3KzFMVBB/UJEr1n/ZC6AqfqahL/qqB1N8EnoCoOcs5ig==",
      "dependencies": {
        "@opentelemetry/api-metrics": "0.27.0",
        "@opentelemetry/instrumentation": "0.27.0",
        "@opentelemetry/semantic-conventions": "1.0.1"
      },
      "engines": {
        "node": ">=8.0.0"
      },
      "peerDependencies": {
        "@opentelemetry/api": "^1.0.0"
      }
    },
    "node_modules/@opentelemetry/propagator-b3": {
      "version": "1.0.1",
      "resolved": "https://registry.npmjs.org/@opentelemetry/propagator-b3/-/propagator-b3-1.0.1.tgz",
      "integrity": "sha512-UQQiOpR/WXyoqIRQEkn6RuXtGfpjhBDMq/1HrVxRCRPMVn7f4e+zxZWoQSsCOvSGQTu9S+W8eAutm00sRJN7fg==",
      "dependencies": {
        "@opentelemetry/core": "1.0.1"
      },
      "engines": {
        "node": ">=8.0.0"
      },
      "peerDependencies": {
        "@opentelemetry/api": ">=1.0.0 <1.1.0"
      }
    },
    "node_modules/@opentelemetry/propagator-jaeger": {
      "version": "1.0.1",
      "resolved": "https://registry.npmjs.org/@opentelemetry/propagator-jaeger/-/propagator-jaeger-1.0.1.tgz",
      "integrity": "sha512-bzvXksBn3j0GyiFXQbx87CUSGC1UDyp4hjL+CCOrQfzIEdp6usKCLHv40Ib5WU6739hPMkyr59CPfKwzlviTtA==",
      "dependencies": {
        "@opentelemetry/core": "1.0.1"
      },
      "engines": {
        "node": ">=8.5.0"
      },
      "peerDependencies": {
        "@opentelemetry/api": ">=1.0.0 <1.1.0"
      }
    },
    "node_modules/@opentelemetry/resources": {
      "version": "1.0.1",
      "resolved": "https://registry.npmjs.org/@opentelemetry/resources/-/resources-1.0.1.tgz",
      "integrity": "sha512-p8DevOaAEepPucUtImR4cZKHOE2L1jgQAtkdZporV+XnxPA/HqCHPEESyUVuo4f5M0NUlL6k5Pba75KwNJlTRg==",
      "dependencies": {
        "@opentelemetry/core": "1.0.1",
        "@opentelemetry/semantic-conventions": "1.0.1"
      },
      "engines": {
        "node": ">=8.0.0"
      },
      "peerDependencies": {
        "@opentelemetry/api": ">=1.0.0 <1.1.0"
      }
    },
    "node_modules/@opentelemetry/sdk-trace-base": {
      "version": "1.0.1",
      "resolved": "https://registry.npmjs.org/@opentelemetry/sdk-trace-base/-/sdk-trace-base-1.0.1.tgz",
      "integrity": "sha512-JVSAepTpW7dnqfV7XFN0zHj1jXGNd5OcvIGQl76buogqffdgJdgJWQNrOuUJaus56zrOtlzqFH+YtMA9RGEg8w==",
      "dependencies": {
        "@opentelemetry/core": "1.0.1",
        "@opentelemetry/resources": "1.0.1",
        "@opentelemetry/semantic-conventions": "1.0.1"
      },
      "engines": {
        "node": ">=8.0.0"
      },
      "peerDependencies": {
        "@opentelemetry/api": ">=1.0.0 <1.1.0"
      }
    },
    "node_modules/@opentelemetry/sdk-trace-node": {
      "version": "1.0.1",
      "resolved": "https://registry.npmjs.org/@opentelemetry/sdk-trace-node/-/sdk-trace-node-1.0.1.tgz",
      "integrity": "sha512-0ifT2pEI5aXy14zDDUQkl3ODzY6jjaC1plbxyAuz5BdPxGJzav9vzIJ2BhEwfXDn1LKqpQ5D1Yy+XnNRQpOo3w==",
      "dependencies": {
        "@opentelemetry/context-async-hooks": "1.0.1",
        "@opentelemetry/core": "1.0.1",
        "@opentelemetry/propagator-b3": "1.0.1",
        "@opentelemetry/propagator-jaeger": "1.0.1",
        "@opentelemetry/sdk-trace-base": "1.0.1",
        "semver": "^7.3.5"
      },
      "engines": {
        "node": ">=8.0.0"
      },
      "peerDependencies": {
        "@opentelemetry/api": ">=1.0.0 <1.1.0"
      }
    },
    "node_modules/@opentelemetry/semantic-conventions": {
      "version": "1.0.1",
      "resolved": "https://registry.npmjs.org/@opentelemetry/semantic-conventions/-/semantic-conventions-1.0.1.tgz",
      "integrity": "sha512-7XU1sfQ8uCVcXLxtAHA8r3qaLJ2oq7sKtEwzZhzuEXqYmjW+n+J4yM3kNo0HQo3Xp1eUe47UM6Wy6yuAvIyllg==",
      "engines": {
        "node": ">=8.0.0"
      }
    },
    "node_modules/debug": {
      "version": "4.3.3",
      "resolved": "https://registry.npmjs.org/debug/-/debug-4.3.3.tgz",
      "integrity": "sha512-/zxw5+vh1Tfv+4Qn7a5nsbcJKPaSvCDhojn6FEl9vupwK2VCSDtEiEtqr8DFtzYFOdz63LBkxec7DYuc2jon6Q==",
      "dependencies": {
        "ms": "2.1.2"
      },
      "engines": {
        "node": ">=6.0"
      },
      "peerDependenciesMeta": {
        "supports-color": {
          "optional": true
        }
      }
    },
    "node_modules/function-bind": {
      "version": "1.1.1",
      "resolved": "https://registry.npmjs.org/function-bind/-/function-bind-1.1.1.tgz",
      "integrity": "sha512-yIovAzMX49sF8Yl58fSCWJ5svSLuaibPxXQJFLmBObTuCr0Mf1KiPopGM9NiFjiYBCbfaa2Fh6breQ6ANVTI0A=="
    },
    "node_modules/has": {
      "version": "1.0.3",
      "resolved": "https://registry.npmjs.org/has/-/has-1.0.3.tgz",
      "integrity": "sha512-f2dvO0VU6Oej7RkWJGrehjbzMAjFp5/VKPp5tTpWIV4JHHZK1/BxbFRtf/siA2SWTe09caDmVtYYzWEIbBS4zw==",
      "dependencies": {
        "function-bind": "^1.1.1"
      },
      "engines": {
        "node": ">= 0.4.0"
      }
    },
    "node_modules/is-core-module": {
      "version": "2.8.1",
      "resolved": "https://registry.npmjs.org/is-core-module/-/is-core-module-2.8.1.tgz",
      "integrity": "sha512-SdNCUs284hr40hFTFP6l0IfZ/RSrMXF3qgoRHd3/79unUTvrFO/JoXwkGm+5J/Oe3E/b5GsnG330uUNgRpu1PA==",
      "dependencies": {
        "has": "^1.0.3"
      },
      "funding": {
        "url": "https://github.com/sponsors/ljharb"
      }
    },
    "node_modules/lru-cache": {
      "version": "6.0.0",
      "resolved": "https://registry.npmjs.org/lru-cache/-/lru-cache-6.0.0.tgz",
      "integrity": "sha512-Jo6dJ04CmSjuznwJSS3pUeWmd/H0ffTlkXXgwZi+eq1UCmqQwCh+eLsYOYCwY991i2Fah4h1BEMCx4qThGbsiA==",
      "dependencies": {
        "yallist": "^4.0.0"
      },
      "engines": {
        "node": ">=10"
      }
    },
    "node_modules/module-details-from-path": {
      "version": "1.0.3",
      "resolved": "https://registry.npmjs.org/module-details-from-path/-/module-details-from-path-1.0.3.tgz",
      "integrity": "sha1-EUyUlnPiqKNenTV4hSeqN7Z52is="
    },
    "node_modules/ms": {
      "version": "2.1.2",
      "resolved": "https://registry.npmjs.org/ms/-/ms-2.1.2.tgz",
      "integrity": "sha512-sGkPx+VjMtmA6MX27oA4FBFELFCZZ4S4XqeGOXCv68tT+jb3vk/RyaKWP0PTKyWtmLSM0b+adUTEvbs1PEaH2w=="
    },
    "node_modules/path-parse": {
      "version": "1.0.7",
      "resolved": "https://registry.npmjs.org/path-parse/-/path-parse-1.0.7.tgz",
      "integrity": "sha512-LDJzPVEEEPR+y48z93A0Ed0yXb8pAByGWo/k5YYdYgpY2/2EsOsksJrq7lOHxryrVOn1ejG6oAp8ahvOIQD8sw=="
    },
    "node_modules/require-in-the-middle": {
      "version": "5.1.0",
      "resolved": "https://registry.npmjs.org/require-in-the-middle/-/require-in-the-middle-5.1.0.tgz",
      "integrity": "sha512-M2rLKVupQfJ5lf9OvqFGIT+9iVLnTmjgbOmpil12hiSQNn5zJTKGPoIisETNjfK+09vP3rpm1zJajmErpr2sEQ==",
      "dependencies": {
        "debug": "^4.1.1",
        "module-details-from-path": "^1.0.3",
        "resolve": "^1.12.0"
      }
    },
    "node_modules/resolve": {
      "version": "1.22.0",
      "resolved": "https://registry.npmjs.org/resolve/-/resolve-1.22.0.tgz",
      "integrity": "sha512-Hhtrw0nLeSrFQ7phPp4OOcVjLPIeMnRlr5mcnVuMe7M/7eBn98A3hmFRLoFo3DLZkivSYwhRUJTyPyWAk56WLw==",
      "dependencies": {
        "is-core-module": "^2.8.1",
        "path-parse": "^1.0.7",
        "supports-preserve-symlinks-flag": "^1.0.0"
      },
      "bin": {
        "resolve": "bin/resolve"
      },
      "funding": {
        "url": "https://github.com/sponsors/ljharb"
      }
    },
    "node_modules/semver": {
      "version": "7.3.5",
      "resolved": "https://registry.npmjs.org/semver/-/semver-7.3.5.tgz",
      "integrity": "sha512-PoeGJYh8HK4BTO/a9Tf6ZG3veo/A7ZVsYrSA6J8ny9nb3B1VrpkuN+z9OE5wfE5p6H4LchYZsegiQgbJD94ZFQ==",
      "dependencies": {
        "lru-cache": "^6.0.0"
      },
      "bin": {
        "semver": "bin/semver.js"
      },
      "engines": {
        "node": ">=10"
      }
    },
    "node_modules/shimmer": {
      "version": "1.2.1",
      "resolved": "https://registry.npmjs.org/shimmer/-/shimmer-1.2.1.tgz",
      "integrity": "sha512-sQTKC1Re/rM6XyFM6fIAGHRPVGvyXfgzIDvzoq608vM+jeyVD0Tu1E6Np0Kc2zAIFWIj963V2800iF/9LPieQw=="
    },
    "node_modules/supports-preserve-symlinks-flag": {
      "version": "1.0.0",
      "resolved": "https://registry.npmjs.org/supports-preserve-symlinks-flag/-/supports-preserve-symlinks-flag-1.0.0.tgz",
      "integrity": "sha512-ot0WnXS9fgdkgIcePe6RHNk1WA8+muPa6cSjeR3V8K27q9BB1rTE3R1p7Hv0z1ZyAc8s6Vvv8DIyWf681MAt0w==",
      "engines": {
        "node": ">= 0.4"
      },
      "funding": {
        "url": "https://github.com/sponsors/ljharb"
      }
    },
    "node_modules/yallist": {
      "version": "4.0.0",
      "resolved": "https://registry.npmjs.org/yallist/-/yallist-4.0.0.tgz",
      "integrity": "sha512-3wdGidZyq5PB084XLES5TpOSRA3wjXAlIWMhum2kRcv/41Sn2emQ0dycQW4uZXLejwKvg6EsvbdlVL+FYEct7A=="
    }
  },
  "dependencies": {
    "@opentelemetry/api": {
      "version": "1.0.4",
      "resolved": "https://registry.npmjs.org/@opentelemetry/api/-/api-1.0.4.tgz",
      "integrity": "sha512-BuJuXRSJNQ3QoKA6GWWDyuLpOUck+9hAXNMCnrloc1aWVoy6Xq6t9PUV08aBZ4Lutqq2LEHM486bpZqoViScog=="
    },
    "@opentelemetry/api-metrics": {
      "version": "0.27.0",
      "resolved": "https://registry.npmjs.org/@opentelemetry/api-metrics/-/api-metrics-0.27.0.tgz",
      "integrity": "sha512-tB79288bwjkdhPNpw4UdOEy3bacVwtol6Que7cAu8KEJ9ULjRfSiwpYEwJY/oER3xZ7zNFz0uiJ7N1jSiotpVA=="
    },
    "@opentelemetry/context-async-hooks": {
      "version": "1.0.1",
      "resolved": "https://registry.npmjs.org/@opentelemetry/context-async-hooks/-/context-async-hooks-1.0.1.tgz",
      "integrity": "sha512-oGCPjDlZ03gXPAdLxw5iqaQJIpL8BZFaiZhAPgF7Vj6XYmrmrA/FXVIsjfNECQTa2D+lt5p8vf0xYIkFufgceQ==",
      "requires": {}
    },
    "@opentelemetry/core": {
      "version": "1.0.1",
      "resolved": "https://registry.npmjs.org/@opentelemetry/core/-/core-1.0.1.tgz",
      "integrity": "sha512-90nQ2X6b/8X+xjcLDBYKooAcOsIlwLRYm+1VsxcX5cHl6V4CSVmDpBreQSDH/A21SqROzapk6813008SatmPpQ==",
      "requires": {
        "@opentelemetry/semantic-conventions": "1.0.1"
      }
    },
    "@opentelemetry/exporter-zipkin": {
      "version": "1.0.1",
      "resolved": "https://registry.npmjs.org/@opentelemetry/exporter-zipkin/-/exporter-zipkin-1.0.1.tgz",
      "integrity": "sha512-2QeuQI5NufKiyBUc7C6BT/5XZasF4HLLpWpaBdQzZACBdIIWW7c79ZpEcvb33jOURZ1to3+cOLNwA2cMjBQXhg==",
      "requires": {
        "@opentelemetry/core": "1.0.1",
        "@opentelemetry/resources": "1.0.1",
        "@opentelemetry/sdk-trace-base": "1.0.1",
        "@opentelemetry/semantic-conventions": "1.0.1"
      }
    },
    "@opentelemetry/instrumentation": {
      "version": "0.27.0",
      "resolved": "https://registry.npmjs.org/@opentelemetry/instrumentation/-/instrumentation-0.27.0.tgz",
      "integrity": "sha512-dUwY/VoDptdK8AYigwS3IKblG+unV5xIdV4VQKy+nX5aT3f7vd5PMYs4arCQSYLbLRe0s7GxK6S9dtjai/TsHQ==",
      "requires": {
        "@opentelemetry/api-metrics": "0.27.0",
        "require-in-the-middle": "^5.0.3",
        "semver": "^7.3.2",
        "shimmer": "^1.2.1"
      }
    },
    "@opentelemetry/instrumentation-grpc": {
      "version": "0.27.0",
      "resolved": "https://registry.npmjs.org/@opentelemetry/instrumentation-grpc/-/instrumentation-grpc-0.27.0.tgz",
      "integrity": "sha512-aFHcAeeLfqoH8PMjmdqEwZwXDJtFSkWmGDBZeH2yrx3KzFMVBB/UJEr1n/ZC6AqfqahL/qqB1N8EnoCoOcs5ig==",
      "requires": {
        "@opentelemetry/api-metrics": "0.27.0",
        "@opentelemetry/instrumentation": "0.27.0",
        "@opentelemetry/semantic-conventions": "1.0.1"
      }
    },
    "@opentelemetry/propagator-b3": {
      "version": "1.0.1",
      "resolved": "https://registry.npmjs.org/@opentelemetry/propagator-b3/-/propagator-b3-1.0.1.tgz",
      "integrity": "sha512-UQQiOpR/WXyoqIRQEkn6RuXtGfpjhBDMq/1HrVxRCRPMVn7f4e+zxZWoQSsCOvSGQTu9S+W8eAutm00sRJN7fg==",
      "requires": {
        "@opentelemetry/core": "1.0.1"
      }
    },
    "@opentelemetry/propagator-jaeger": {
      "version": "1.0.1",
      "resolved": "https://registry.npmjs.org/@opentelemetry/propagator-jaeger/-/propagator-jaeger-1.0.1.tgz",
      "integrity": "sha512-bzvXksBn3j0GyiFXQbx87CUSGC1UDyp4hjL+CCOrQfzIEdp6usKCLHv40Ib5WU6739hPMkyr59CPfKwzlviTtA==",
      "requires": {
        "@opentelemetry/core": "1.0.1"
      }
    },
    "@opentelemetry/resources": {
      "version": "1.0.1",
      "resolved": "https://registry.npmjs.org/@opentelemetry/resources/-/resources-1.0.1.tgz",
      "integrity": "sha512-p8DevOaAEepPucUtImR4cZKHOE2L1jgQAtkdZporV+XnxPA/HqCHPEESyUVuo4f5M0NUlL6k5Pba75KwNJlTRg==",
      "requires": {
        "@opentelemetry/core": "1.0.1",
        "@opentelemetry/semantic-conventions": "1.0.1"
      }
    },
    "@opentelemetry/sdk-trace-base": {
      "version": "1.0.1",
      "resolved": "https://registry.npmjs.org/@opentelemetry/sdk-trace-base/-/sdk-trace-base-1.0.1.tgz",
      "integrity": "sha512-JVSAepTpW7dnqfV7XFN0zHj1jXGNd5OcvIGQl76buogqffdgJdgJWQNrOuUJaus56zrOtlzqFH+YtMA9RGEg8w==",
      "requires": {
        "@opentelemetry/core": "1.0.1",
        "@opentelemetry/resources": "1.0.1",
        "@opentelemetry/semantic-conventions": "1.0.1"
      }
    },
    "@opentelemetry/sdk-trace-node": {
      "version": "1.0.1",
      "resolved": "https://registry.npmjs.org/@opentelemetry/sdk-trace-node/-/sdk-trace-node-1.0.1.tgz",
      "integrity": "sha512-0ifT2pEI5aXy14zDDUQkl3ODzY6jjaC1plbxyAuz5BdPxGJzav9vzIJ2BhEwfXDn1LKqpQ5D1Yy+XnNRQpOo3w==",
      "requires": {
        "@opentelemetry/context-async-hooks": "1.0.1",
        "@opentelemetry/core": "1.0.1",
        "@opentelemetry/propagator-b3": "1.0.1",
        "@opentelemetry/propagator-jaeger": "1.0.1",
        "@opentelemetry/sdk-trace-base": "1.0.1",
        "semver": "^7.3.5"
      }
    },
    "@opentelemetry/semantic-conventions": {
      "version": "1.0.1",
      "resolved": "https://registry.npmjs.org/@opentelemetry/semantic-conventions/-/semantic-conventions-1.0.1.tgz",
      "integrity": "sha512-7XU1sfQ8uCVcXLxtAHA8r3qaLJ2oq7sKtEwzZhzuEXqYmjW+n+J4yM3kNo0HQo3Xp1eUe47UM6Wy6yuAvIyllg=="
    },
    "debug": {
      "version": "4.3.3",
      "resolved": "https://registry.npmjs.org/debug/-/debug-4.3.3.tgz",
      "integrity": "sha512-/zxw5+vh1Tfv+4Qn7a5nsbcJKPaSvCDhojn6FEl9vupwK2VCSDtEiEtqr8DFtzYFOdz63LBkxec7DYuc2jon6Q==",
      "requires": {
        "ms": "2.1.2"
      }
    },
    "function-bind": {
      "version": "1.1.1",
      "resolved": "https://registry.npmjs.org/function-bind/-/function-bind-1.1.1.tgz",
      "integrity": "sha512-yIovAzMX49sF8Yl58fSCWJ5svSLuaibPxXQJFLmBObTuCr0Mf1KiPopGM9NiFjiYBCbfaa2Fh6breQ6ANVTI0A=="
    },
    "has": {
      "version": "1.0.3",
      "resolved": "https://registry.npmjs.org/has/-/has-1.0.3.tgz",
      "integrity": "sha512-f2dvO0VU6Oej7RkWJGrehjbzMAjFp5/VKPp5tTpWIV4JHHZK1/BxbFRtf/siA2SWTe09caDmVtYYzWEIbBS4zw==",
      "requires": {
        "function-bind": "^1.1.1"
      }
    },
    "is-core-module": {
      "version": "2.8.1",
      "resolved": "https://registry.npmjs.org/is-core-module/-/is-core-module-2.8.1.tgz",
      "integrity": "sha512-SdNCUs284hr40hFTFP6l0IfZ/RSrMXF3qgoRHd3/79unUTvrFO/JoXwkGm+5J/Oe3E/b5GsnG330uUNgRpu1PA==",
      "requires": {
        "has": "^1.0.3"
      }
    },
    "lru-cache": {
      "version": "6.0.0",
      "resolved": "https://registry.npmjs.org/lru-cache/-/lru-cache-6.0.0.tgz",
      "integrity": "sha512-Jo6dJ04CmSjuznwJSS3pUeWmd/H0ffTlkXXgwZi+eq1UCmqQwCh+eLsYOYCwY991i2Fah4h1BEMCx4qThGbsiA==",
      "requires": {
        "yallist": "^4.0.0"
      }
    },
    "module-details-from-path": {
      "version": "1.0.3",
      "resolved": "https://registry.npmjs.org/module-details-from-path/-/module-details-from-path-1.0.3.tgz",
      "integrity": "sha1-EUyUlnPiqKNenTV4hSeqN7Z52is="
    },
    "ms": {
      "version": "2.1.2",
      "resolved": "https://registry.npmjs.org/ms/-/ms-2.1.2.tgz",
      "integrity": "sha512-sGkPx+VjMtmA6MX27oA4FBFELFCZZ4S4XqeGOXCv68tT+jb3vk/RyaKWP0PTKyWtmLSM0b+adUTEvbs1PEaH2w=="
    },
    "path-parse": {
      "version": "1.0.7",
      "resolved": "https://registry.npmjs.org/path-parse/-/path-parse-1.0.7.tgz",
      "integrity": "sha512-LDJzPVEEEPR+y48z93A0Ed0yXb8pAByGWo/k5YYdYgpY2/2EsOsksJrq7lOHxryrVOn1ejG6oAp8ahvOIQD8sw=="
    },
    "require-in-the-middle": {
      "version": "5.1.0",
      "resolved": "https://registry.npmjs.org/require-in-the-middle/-/require-in-the-middle-5.1.0.tgz",
      "integrity": "sha512-M2rLKVupQfJ5lf9OvqFGIT+9iVLnTmjgbOmpil12hiSQNn5zJTKGPoIisETNjfK+09vP3rpm1zJajmErpr2sEQ==",
      "requires": {
        "debug": "^4.1.1",
        "module-details-from-path": "^1.0.3",
        "resolve": "^1.12.0"
      }
    },
    "resolve": {
      "version": "1.22.0",
      "resolved": "https://registry.npmjs.org/resolve/-/resolve-1.22.0.tgz",
      "integrity": "sha512-Hhtrw0nLeSrFQ7phPp4OOcVjLPIeMnRlr5mcnVuMe7M/7eBn98A3hmFRLoFo3DLZkivSYwhRUJTyPyWAk56WLw==",
      "requires": {
        "is-core-module": "^2.8.1",
        "path-parse": "^1.0.7",
        "supports-preserve-symlinks-flag": "^1.0.0"
      }
    },
    "semver": {
      "version": "7.3.5",
      "resolved": "https://registry.npmjs.org/semver/-/semver-7.3.5.tgz",
      "integrity": "sha512-PoeGJYh8HK4BTO/a9Tf6ZG3veo/A7ZVsYrSA6J8ny9nb3B1VrpkuN+z9OE5wfE5p6H4LchYZsegiQgbJD94ZFQ==",
      "requires": {
        "lru-cache": "^6.0.0"
      }
    },
    "shimmer": {
      "version": "1.2.1",
      "resolved": "https://registry.npmjs.org/shimmer/-/shimmer-1.2.1.tgz",
      "integrity": "sha512-sQTKC1Re/rM6XyFM6fIAGHRPVGvyXfgzIDvzoq608vM+jeyVD0Tu1E6Np0Kc2zAIFWIj963V2800iF/9LPieQw=="
    },
    "supports-preserve-symlinks-flag": {
      "version": "1.0.0",
      "resolved": "https://registry.npmjs.org/supports-preserve-symlinks-flag/-/supports-preserve-symlinks-flag-1.0.0.tgz",
      "integrity": "sha512-ot0WnXS9fgdkgIcePe6RHNk1WA8+muPa6cSjeR3V8K27q9BB1rTE3R1p7Hv0z1ZyAc8s6Vvv8DIyWf681MAt0w=="
    },
    "yallist": {
      "version": "4.0.0",
      "resolved": "https://registry.npmjs.org/yallist/-/yallist-4.0.0.tgz",
      "integrity": "sha512-3wdGidZyq5PB084XLES5TpOSRA3wjXAlIWMhum2kRcv/41Sn2emQ0dycQW4uZXLejwKvg6EsvbdlVL+FYEct7A=="
    }
  }
}
